// !$*UTF8*$!
{
	archiveVersion = 1;
	classes = {
	};
	objectVersion = 48;
	objects = {

/* Begin PBXBuildFile section */
		29A4AB17203D25D0007A2646 /* AppDelegate.swift in Sources */ = {isa = PBXBuildFile; fileRef = 29A4AB16203D25D0007A2646 /* AppDelegate.swift */; };
		29A4AB19203D25D0007A2646 /* ViewController.swift in Sources */ = {isa = PBXBuildFile; fileRef = 29A4AB18203D25D0007A2646 /* ViewController.swift */; };
		29A4AB1C203D25D0007A2646 /* Main.storyboard in Resources */ = {isa = PBXBuildFile; fileRef = 29A4AB1A203D25D0007A2646 /* Main.storyboard */; };
		29A4AB1E203D25D0007A2646 /* Assets.xcassets in Resources */ = {isa = PBXBuildFile; fileRef = 29A4AB1D203D25D0007A2646 /* Assets.xcassets */; };
		29A4AB21203D25D0007A2646 /* LaunchScreen.storyboard in Resources */ = {isa = PBXBuildFile; fileRef = 29A4AB1F203D25D0007A2646 /* LaunchScreen.storyboard */; };
		29A4AB2C203D643B007A2646 /* back.png in Resources */ = {isa = PBXBuildFile; fileRef = 29A4AB29203D643B007A2646 /* back.png */; };
		29A4AB2D203D643B007A2646 /* forward.png in Resources */ = {isa = PBXBuildFile; fileRef = 29A4AB2A203D643B007A2646 /* forward.png */; };
		29A4AB2E203D643B007A2646 /* reload.png in Resources */ = {isa = PBXBuildFile; fileRef = 29A4AB2B203D643B007A2646 /* reload.png */; };
/* End PBXBuildFile section */

/* Begin PBXFileReference section */
		29A4AB13203D25D0007A2646 /* EzWebView.app */ = {isa = PBXFileReference; explicitFileType = wrapper.application; includeInIndex = 0; path = EzWebView.app; sourceTree = BUILT_PRODUCTS_DIR; };
		29A4AB16203D25D0007A2646 /* AppDelegate.swift */ = {isa = PBXFileReference; lastKnownFileType = sourcecode.swift; path = AppDelegate.swift; sourceTree = "<group>"; };
		29A4AB18203D25D0007A2646 /* ViewController.swift */ = {isa = PBXFileReference; lastKnownFileType = sourcecode.swift; path = ViewController.swift; sourceTree = "<group>"; };
		29A4AB1B203D25D0007A2646 /* Base */ = {isa = PBXFileReference; lastKnownFileType = file.storyboard; name = Base; path = Base.lproj/Main.storyboard; sourceTree = "<group>"; };
		29A4AB1D203D25D0007A2646 /* Assets.xcassets */ = {isa = PBXFileReference; lastKnownFileType = folder.assetcatalog; path = Assets.xcassets; sourceTree = "<group>"; };
		29A4AB20203D25D0007A2646 /* Base */ = {isa = PBXFileReference; lastKnownFileType = file.storyboard; name = Base; path = Base.lproj/LaunchScreen.storyboard; sourceTree = "<group>"; };
		29A4AB22203D25D0007A2646 /* Info.plist */ = {isa = PBXFileReference; lastKnownFileType = text.plist.xml; path = Info.plist; sourceTree = "<group>"; };
		29A4AB29203D643B007A2646 /* back.png */ = {isa = PBXFileReference; lastKnownFileType = image.png; path = back.png; sourceTree = "<group>"; };
		29A4AB2A203D643B007A2646 /* forward.png */ = {isa = PBXFileReference; lastKnownFileType = image.png; path = forward.png; sourceTree = "<group>"; };
		29A4AB2B203D643B007A2646 /* reload.png */ = {isa = PBXFileReference; lastKnownFileType = image.png; path = reload.png; sourceTree = "<group>"; };
/* End PBXFileReference section */

/* Begin PBXFrameworksBuildPhase section */
		29A4AB10203D25D0007A2646 /* Frameworks */ = {
			isa = PBXFrameworksBuildPhase;
			buildActionMask = 2147483647;
			files = (
			);
			runOnlyForDeploymentPostprocessing = 0;
		};
/* End PBXFrameworksBuildPhase section */

/* Begin PBXGroup section */
		29A4AB0A203D25CF007A2646 = {
			isa = PBXGroup;
			children = (
				29A4AB15203D25D0007A2646 /* EzWebView */,
				29A4AB14203D25D0007A2646 /* Products */,
			);
			sourceTree = "<group>";
		};
		29A4AB14203D25D0007A2646 /* Products */ = {
			isa = PBXGroup;
			children = (
				29A4AB13203D25D0007A2646 /* EzWebView.app */,
			);
			name = Products;
			sourceTree = "<group>";
		};
		29A4AB15203D25D0007A2646 /* EzWebView */ = {
			isa = PBXGroup;
			children = (
				29A4AB16203D25D0007A2646 /* AppDelegate.swift */,
				29A4AB18203D25D0007A2646 /* ViewController.swift */,
				29A4AB1A203D25D0007A2646 /* Main.storyboard */,
				29A4AB1D203D25D0007A2646 /* Assets.xcassets */,
				29A4AB1F203D25D0007A2646 /* LaunchScreen.storyboard */,
				29A4AB22203D25D0007A2646 /* Info.plist */,
				29A4AB28203D643B007A2646 /* icons */,
			);
			path = EzWebView;
			sourceTree = "<group>";
		};
		29A4AB28203D643B007A2646 /* icons */ = {
			isa = PBXGroup;
			children = (
				29A4AB29203D643B007A2646 /* back.png */,
				29A4AB2A203D643B007A2646 /* forward.png */,
				29A4AB2B203D643B007A2646 /* reload.png */,
			);
			path = icons;
			sourceTree = "<group>";
		};
/* End PBXGroup section */

/* Begin PBXNativeTarget section */
		29A4AB12203D25D0007A2646 /* EzWebView */ = {
			isa = PBXNativeTarget;
			buildConfigurationList = 29A4AB25203D25D0007A2646 /* Build configuration list for PBXNativeTarget "EzWebView" */;
			buildPhases = (
				29A4AB0F203D25D0007A2646 /* Sources */,
				29A4AB10203D25D0007A2646 /* Frameworks */,
				29A4AB11203D25D0007A2646 /* Resources */,
			);
			buildRules = (
			);
			dependencies = (
			);
			name = EzWebView;
			productName = EzWebView;
			productReference = 29A4AB13203D25D0007A2646 /* EzWebView.app */;
			productType = "com.apple.product-type.application";
		};
/* End PBXNativeTarget section */

/* Begin PBXProject section */
		29A4AB0B203D25CF007A2646 /* Project object */ = {
			isa = PBXProject;
			attributes = {
				LastSwiftUpdateCheck = 0920;
				LastUpgradeCheck = 0920;
				ORGANIZATIONNAME = vietis;
				TargetAttributes = {
					29A4AB12203D25D0007A2646 = {
						CreatedOnToolsVersion = 9.2;
						ProvisioningStyle = Automatic;
					};
				};
			};
			buildConfigurationList = 29A4AB0E203D25CF007A2646 /* Build configuration list for PBXProject "EzWebView" */;
			compatibilityVersion = "Xcode 8.0";
			developmentRegion = en;
			hasScannedForEncodings = 0;
			knownRegions = (
				en,
				Base,
			);
			mainGroup = 29A4AB0A203D25CF007A2646;
			productRefGroup = 29A4AB14203D25D0007A2646 /* Products */;
			projectDirPath = "";
			projectRoot = "";
			targets = (
				29A4AB12203D25D0007A2646 /* EzWebView */,
			);
		};
/* End PBXProject section */

/* Begin PBXResourcesBuildPhase section */
		29A4AB11203D25D0007A2646 /* Resources */ = {
			isa = PBXResourcesBuildPhase;
			buildActionMask = 2147483647;
			files = (
				29A4AB2C203D643B007A2646 /* back.png in Resources */,
				29A4AB21203D25D0007A2646 /* LaunchScreen.storyboard in Resources */,
				29A4AB1E203D25D0007A2646 /* Assets.xcassets in Resources */,
				29A4AB1C203D25D0007A2646 /* Main.storyboard in Resources */,
				29A4AB2E203D643B007A2646 /* reload.png in Resources */,
				29A4AB2D203D643B007A2646 /* forward.png in Resources */,
			);
			runOnlyForDeploymentPostprocessing = 0;
		};
/* End PBXResourcesBuildPhase section */

/* Begin PBXSourcesBuildPhase section */
		29A4AB0F203D25D0007A2646 /* Sources */ = {
			isa = PBXSourcesBuildPhase;
			buildActionMask = 2147483647;
			files = (
				29A4AB19203D25D0007A2646 /* ViewController.swift in Sources */,
				29A4AB17203D25D0007A2646 /* AppDelegate.swift in Sources */,
			);
			runOnlyForDeploymentPostprocessing = 0;
		};
/* End PBXSourcesBuildPhase section */

/* Begin PBXVariantGroup section */
		29A4AB1A203D25D0007A2646 /* Main.storyboard */ = {
			isa = PBXVariantGroup;
			children = (
				29A4AB1B203D25D0007A2646 /* Base */,
			);
			name = Main.storyboard;
			sourceTree = "<group>";
		};
		29A4AB1F203D25D0007A2646 /* LaunchScreen.storyboard */ = {
			isa = PBXVariantGroup;
			children = (
				29A4AB20203D25D0007A2646 /* Base */,
			);
			name = LaunchScreen.storyboard;
			sourceTree = "<group>";
		};
/* End PBXVariantGroup section */

/* Begin XCBuildConfiguration section */
		29A4AB23203D25D0007A2646 /* Debug */ = {
			isa = XCBuildConfiguration;
			buildSettings = {
				ALWAYS_SEARCH_USER_PATHS = NO;
				CLANG_ANALYZER_NONNULL = YES;
				CLANG_ANALYZER_NUMBER_OBJECT_CONVERSION = YES_AGGRESSIVE;
				CLANG_CXX_LANGUAGE_STANDARD = "gnu++14";
				CLANG_CXX_LIBRARY = "libc++";
				CLANG_ENABLE_MODULES = YES;
				CLANG_ENABLE_OBJC_ARC = YES;
				CLANG_WARN_BLOCK_CAPTURE_AUTORELEASING = YES;
				CLANG_WARN_BOOL_CONVERSION = YES;
				CLANG_WARN_COMMA = YES;
				CLANG_WARN_CONSTANT_CONVERSION = YES;
				CLANG_WARN_DIRECT_OBJC_ISA_USAGE = YES_ERROR;
				CLANG_WARN_DOCUMENTATION_COMMENTS = YES;
				CLANG_WARN_EMPTY_BODY = YES;
				CLANG_WARN_ENUM_CONVERSION = YES;
				CLANG_WARN_INFINITE_RECURSION = YES;
				CLANG_WARN_INT_CONVERSION = YES;
				CLANG_WARN_NON_LITERAL_NULL_CONVERSION = YES;
				CLANG_WARN_OBJC_LITERAL_CONVERSION = YES;
				CLANG_WARN_OBJC_ROOT_CLASS = YES_ERROR;
				CLANG_WARN_RANGE_LOOP_ANALYSIS = YES;
				CLANG_WARN_STRICT_PROTOTYPES = YES;
				CLANG_WARN_SUSPICIOUS_MOVE = YES;
				CLANG_WARN_UNGUARDED_AVAILABILITY = YES_AGGRESSIVE;
				CLANG_WARN_UNREACHABLE_CODE = YES;
				CLANG_WARN__DUPLICATE_METHOD_MATCH = YES;
				CODE_SIGN_IDENTITY = "iPhone Developer";
				COPY_PHASE_STRIP = NO;
				DEBUG_INFORMATION_FORMAT = dwarf;
				ENABLE_STRICT_OBJC_MSGSEND = YES;
				ENABLE_TESTABILITY = YES;
				GCC_C_LANGUAGE_STANDARD = gnu11;
				GCC_DYNAMIC_NO_PIC = NO;
				GCC_NO_COMMON_BLOCKS = YES;
				GCC_OPTIMIZATION_LEVEL = 0;
				GCC_PREPROCESSOR_DEFINITIONS = (
					"DEBUG=1",
					"$(inherited)",
				);
				GCC_WARN_64_TO_32_BIT_CONVERSION = YES;
				GCC_WARN_ABOUT_RETURN_TYPE = YES_ERROR;
				GCC_WARN_UNDECLARED_SELECTOR = YES;
				GCC_WARN_UNINITIALIZED_AUTOS = YES_AGGRESSIVE;
				GCC_WARN_UNUSED_FUNCTION = YES;
				GCC_WARN_UNUSED_VARIABLE = YES;
				IPHONEOS_DEPLOYMENT_TARGET = 11.2;
				MTL_ENABLE_DEBUG_INFO = YES;
				ONLY_ACTIVE_ARCH = YES;
				SDKROOT = iphoneos;
				SWIFT_ACTIVE_COMPILATION_CONDITIONS = DEBUG;
				SWIFT_OPTIMIZATION_LEVEL = "-Onone";
			};
			name = Debug;
		};
		29A4AB24203D25D0007A2646 /* Release */ = {
			isa = XCBuildConfiguration;
			buildSettings = {
				ALWAYS_SEARCH_USER_PATHS = NO;
				CLANG_ANALYZER_NONNULL = YES;
				CLANG_ANALYZER_NUMBER_OBJECT_CONVERSION = YES_AGGRESSIVE;
				CLANG_CXX_LANGUAGE_STANDARD = "gnu++14";
				CLANG_CXX_LIBRARY = "libc++";
				CLANG_ENABLE_MODULES = YES;
				CLANG_ENABLE_OBJC_ARC = YES;
				CLANG_WARN_BLOCK_CAPTURE_AUTORELEASING = YES;
				CLANG_WARN_BOOL_CONVERSION = YES;
				CLANG_WARN_COMMA = YES;
				CLANG_WARN_CONSTANT_CONVERSION = YES;
				CLANG_WARN_DIRECT_OBJC_ISA_USAGE = YES_ERROR;
				CLANG_WARN_DOCUMENTATION_COMMENTS = YES;
				CLANG_WARN_EMPTY_BODY = YES;
				CLANG_WARN_ENUM_CONVERSION = YES;
				CLANG_WARN_INFINITE_RECURSION = YES;
				CLANG_WARN_INT_CONVERSION = YES;
				CLANG_WARN_NON_LITERAL_NULL_CONVERSION = YES;
				CLANG_WARN_OBJC_LITERAL_CONVERSION = YES;
				CLANG_WARN_OBJC_ROOT_CLASS = YES_ERROR;
				CLANG_WARN_RANGE_LOOP_ANALYSIS = YES;
				CLANG_WARN_STRICT_PROTOTYPES = YES;
				CLANG_WARN_SUSPICIOUS_MOVE = YES;
				CLANG_WARN_UNGUARDED_AVAILABILITY = YES_AGGRESSIVE;
				CLANG_WARN_UNREACHABLE_CODE = YES;
				CLANG_WARN__DUPLICATE_METHOD_MATCH = YES;
				CODE_SIGN_IDENTITY = "iPhone Developer";
				COPY_PHASE_STRIP = NO;
				DEBUG_INFORMATION_FORMAT = "dwarf-with-dsym";
				ENABLE_NS_ASSERTIONS = NO;
				ENABLE_STRICT_OBJC_MSGSEND = YES;
				GCC_C_LANGUAGE_STANDARD = gnu11;
				GCC_NO_COMMON_BLOCKS = YES;
				GCC_WARN_64_TO_32_BIT_CONVERSION = YES;
				GCC_WARN_ABOUT_RETURN_TYPE = YES_ERROR;
				GCC_WARN_UNDECLARED_SELECTOR = YES;
				GCC_WARN_UNINITIALIZED_AUTOS = YES_AGGRESSIVE;
				GCC_WARN_UNUSED_FUNCTION = YES;
				GCC_WARN_UNUSED_VARIABLE = YES;
				IPHONEOS_DEPLOYMENT_TARGET = 11.2;
				MTL_ENABLE_DEBUG_INFO = NO;
				SDKROOT = iphoneos;
				SWIFT_OPTIMIZATION_LEVEL = "-Owholemodule";
				VALIDATE_PRODUCT = YES;
			};
			name = Release;
		};
		29A4AB26203D25D0007A2646 /* Debug */ = {
			isa = XCBuildConfiguration;
			buildSettings = {
				ASSETCATALOG_COMPILER_APPICON_NAME = AppIcon;
				CODE_SIGN_STYLE = Automatic;
				INFOPLIST_FILE = EzWebView/Info.plist;
				LD_RUNPATH_SEARCH_PATHS = "$(inherited) @executable_path/Frameworks";
				PRODUCT_BUNDLE_IDENTIFIER = tek4fun.EzWebView;
				PRODUCT_NAME = "$(TARGET_NAME)";
				SWIFT_VERSION = 4.0;
				TARGETED_DEVICE_FAMILY = "1,2";
			};
			name = Debug;
		};
		29A4AB27203D25D0007A2646 /* Release */ = {
			isa = XCBuildConfiguration;
			buildSettings = {
				ASSETCATALOG_COMPILER_APPICON_NAME = AppIcon;
				CODE_SIGN_STYLE = Automatic;
				INFOPLIST_FILE = EzWebView/Info.plist;
				LD_RUNPATH_SEARCH_PATHS = "$(inherited) @executable_path/Frameworks";
				PRODUCT_BUNDLE_IDENTIFIER = tek4fun.EzWebView;
				PRODUCT_NAME = "$(TARGET_NAME)";
				SWIFT_VERSION = 4.0;
				TARGETED_DEVICE_FAMILY = "1,2";
			};
			name = Release;
		};
/* End XCBuildConfiguration section */

/* Begin XCConfigurationList section */
		29A4AB0E203D25CF007A2646 /* Build configuration list for PBXProject "EzWebView" */ = {
			isa = XCConfigurationList;
			buildConfigurations = (
				29A4AB23203D25D0007A2646 /* Debug */,
				29A4AB24203D25D0007A2646 /* Release */,
			);
			defaultConfigurationIsVisible = 0;
			defaultConfigurationName = Release;
		};
		29A4AB25203D25D0007A2646 /* Build configuration list for PBXNativeTarget "EzWebView" */ = {
			isa = XCConfigurationList;
			buildConfigurations = (
				29A4AB26203D25D0007A2646 /* Debug */,
				29A4AB27203D25D0007A2646 /* Release */,
			);
			defaultConfigurationIsVisible = 0;
			defaultConfigurationName = Release;
		};
/* End XCConfigurationList section */
	};
	rootObject = 29A4AB0B203D25CF007A2646 /* Project object */;
}
